PODS:
  - ObjectiveDropboxOfficial (6.2.3)
  - shared (1.0-SNAPSHOT)

DEPENDENCIES:
  - ObjectiveDropboxOfficial
  - shared (from `../shared`)

SPEC REPOS:
  trunk:
    - ObjectiveDropboxOfficial

EXTERNAL SOURCES:
  shared:
    :path: "../shared"

SPEC CHECKSUMS:
  ObjectiveDropboxOfficial: fe206ce8c0bc49976c249d472db7fdbc53ebbd53
  shared: ed9a6623b90cbd81c024378876f9a555eb410795

PODFILE CHECKSUM: 45460ad53fd954ac188ad3dbad095f161aded627

COCOAPODS: 1.11.2
