PODS:
  - Alamofire (4.8.2)
  - shared (1.0-SNAPSHOT)
  - SwiftyDropbox (6.0.3):
    - Alamofire (~> 4.8.2)

DEPENDENCIES:
  - shared (from `../shared`)
  - SwiftyDropbox

SPEC REPOS:
  trunk:
    - Alamofire
    - SwiftyDropbox

EXTERNAL SOURCES:
  shared:
    :path: "../shared"

SPEC CHECKSUMS:
  Alamofire: ae5c501addb7afdbb13687d7f2f722c78734c2d3
  shared: ed9a6623b90cbd81c024378876f9a555eb410795
  SwiftyDropbox: 7e864f1e826bfc1b9b53a5edccef6c8d5fbe9e3b

PODFILE CHECKSUM: 35a19fcb07da86638268158d5e063fc94cf97270

COCOAPODS: 1.11.2
