PODS:
  - ObjectiveDropboxOfficial (7.0.0)
  - shared (1.0-SNAPSHOT):
    - ObjectiveDropboxOfficial (~> 7.0.0)

DEPENDENCIES:
  - shared (from `../shared`)

SPEC REPOS:
  trunk:
    - ObjectiveDropboxOfficial

EXTERNAL SOURCES:
  shared:
    :path: "../shared"

SPEC CHECKSUMS:
  ObjectiveDropboxOfficial: cf39e37372f59c270aad869604dce20f11b877f5
  shared: 7dd3fd7e41f84228b4f17df9ccf09f366adba280

PODFILE CHECKSUM: 73f4896e537e1a25fb6e3403ad13e56b183dc5a6

COCOAPODS: 1.11.3
