// !$*UTF8*$!
{
	archiveVersion = 1;
	classes = {
	};
	objectVersion = 51;
	objects = {

/* Begin PBXBuildFile section */
		663F8105C5CED07B3CBF002C /* Pods_MoneyFlow.framework in Frameworks */ = {isa = PBXBuildFile; fileRef = 93E5ECD78328DBC603F66B2F /* Pods_MoneyFlow.framework */; };
		8D9481C4277BA4AC003568EE /* Snackbar.swift in Sources */ = {isa = PBXBuildFile; fileRef = 8D9481C3277BA4AC003568EE /* Snackbar.swift */; };
		8D9481C7277BA694003568EE /* SnackbarData.swift in Sources */ = {isa = PBXBuildFile; fileRef = 8D9481C6277BA694003568EE /* SnackbarData.swift */; };
		8D9481D8277C9ED9003568EE /* Localizable.strings in Resources */ = {isa = PBXBuildFile; fileRef = 8D9481DA277C9ED9003568EE /* Localizable.strings */; };
		8D9481DE277CCDB7003568EE /* UIErrorDataMapper.swift in Sources */ = {isa = PBXBuildFile; fileRef = 8D9481DD277CCDB7003568EE /* UIErrorDataMapper.swift */; };
		8D9481E0277E6535003568EE /* ErrorView.swift in Sources */ = {isa = PBXBuildFile; fileRef = 8D9481DF277E6535003568EE /* ErrorView.swift */; };
		8DEA1ABA29464CAB0039D836 /* DropboxDataSourceIOS.swift in Sources */ = {isa = PBXBuildFile; fileRef = 8DEA1AB929464CAB0039D836 /* DropboxDataSourceIOS.swift */; };
		A930B885253B8EED00CB92DF /* ShareSheet.swift in Sources */ = {isa = PBXBuildFile; fileRef = A930B884253B8EED00CB92DF /* ShareSheet.swift */; };
		A93F689A263F36E80075AB49 /* CombineAdapters.swift in Sources */ = {isa = PBXBuildFile; fileRef = A93F6899263F36E80075AB49 /* CombineAdapters.swift */; };
		A93F689C263F3FCB0075AB49 /* DispatcherQueueUtils.swift in Sources */ = {isa = PBXBuildFile; fileRef = A93F689B263F3FCB0075AB49 /* DispatcherQueueUtils.swift */; };
		A9471EBF257594E300C5D3AF /* AddTransactionScreen.swift in Sources */ = {isa = PBXBuildFile; fileRef = A9471EBE257594E300C5D3AF /* AddTransactionScreen.swift */; };
		A9471EC6257595D800C5D3AF /* CategoriesScreen.swift in Sources */ = {isa = PBXBuildFile; fileRef = A9471EC5257595D800C5D3AF /* CategoriesScreen.swift */; };
		A9471ECC2575979100C5D3AF /* CategoriesViewModel.swift in Sources */ = {isa = PBXBuildFile; fileRef = A9471ECB2575979100C5D3AF /* CategoriesViewModel.swift */; };
		A9471ED325759ACA00C5D3AF /* CategoryCard.swift in Sources */ = {isa = PBXBuildFile; fileRef = A9471ED225759ACA00C5D3AF /* CategoryCard.swift */; };
		A9471EDA25759DAD00C5D3AF /* AddTransactionState.swift in Sources */ = {isa = PBXBuildFile; fileRef = A9471ED925759DAD00C5D3AF /* AddTransactionState.swift */; };
		A947AF1F2554991600633BD3 /* DepsInjector.swift in Sources */ = {isa = PBXBuildFile; fileRef = A947AF1E2554991600633BD3 /* DepsInjector.swift */; };
		A947AF252554A7D500633BD3 /* DatabaseImportExport.swift in Sources */ = {isa = PBXBuildFile; fileRef = A947AF242554A7D500633BD3 /* DatabaseImportExport.swift */; };
		A988B762257D675B00F6113A /* AddTransactionViewModel.swift in Sources */ = {isa = PBXBuildFile; fileRef = A988B761257D675B00F6113A /* AddTransactionViewModel.swift */; };
		A988B768257D6A2A00F6113A /* RadioButton.swift in Sources */ = {isa = PBXBuildFile; fileRef = A988B767257D6A2A00F6113A /* RadioButton.swift */; };
		A988B76E257D6AA600F6113A /* ColorInverter.swift in Sources */ = {isa = PBXBuildFile; fileRef = A988B76D257D6AA600F6113A /* ColorInverter.swift */; };
		A988B775257D6BA300F6113A /* RadioButtonGroup.swift in Sources */ = {isa = PBXBuildFile; fileRef = A988B774257D6BA300F6113A /* RadioButtonGroup.swift */; };
		A988B77F257D763900F6113A /* DMImage.swift in Sources */ = {isa = PBXBuildFile; fileRef = A988B77E257D763900F6113A /* DMImage.swift */; };
		A988B785257D7D5100F6113A /* TransactionTypeRadioItem.swift in Sources */ = {isa = PBXBuildFile; fileRef = A988B784257D7D5100F6113A /* TransactionTypeRadioItem.swift */; };
		A98B5CE0258AA7F40020C5C5 /* DropboxLoginView.swift in Sources */ = {isa = PBXBuildFile; fileRef = A98B5CDF258AA7F30020C5C5 /* DropboxLoginView.swift */; };
		A98B5CEE258B40390020C5C5 /* DropboxScreen.swift in Sources */ = {isa = PBXBuildFile; fileRef = A98B5CED258B40390020C5C5 /* DropboxScreen.swift */; };
		A98B5CF4258BF2660020C5C5 /* CustomNotifications.swift in Sources */ = {isa = PBXBuildFile; fileRef = A98B5CF3258BF2660020C5C5 /* CustomNotifications.swift */; };
		A98B5CFA258BF5B70020C5C5 /* DropboxViewModel.swift in Sources */ = {isa = PBXBuildFile; fileRef = A98B5CF9258BF5B70020C5C5 /* DropboxViewModel.swift */; };
		A99B356C257EE89900B626ED /* SidebarMenuItem.swift in Sources */ = {isa = PBXBuildFile; fileRef = A99B356B257EE89900B626ED /* SidebarMenuItem.swift */; };
		A99B3574257F7ABF00B626ED /* SidebarNavigationItem.swift in Sources */ = {isa = PBXBuildFile; fileRef = A99B3573257F7ABF00B626ED /* SidebarNavigationItem.swift */; };
		A9A8A9D42557EA3D00C0ED89 /* SettingsScreen.swift in Sources */ = {isa = PBXBuildFile; fileRef = A9A8A9D32557EA3D00C0ED89 /* SettingsScreen.swift */; };
		A9A8A9DA2557EA9B00C0ED89 /* BudgetScreen.swift in Sources */ = {isa = PBXBuildFile; fileRef = A9A8A9D92557EA9B00C0ED89 /* BudgetScreen.swift */; };
		A9A8A9E02557EAB900C0ED89 /* RecapScreen.swift in Sources */ = {isa = PBXBuildFile; fileRef = A9A8A9DF2557EAB900C0ED89 /* RecapScreen.swift */; };
		A9A8A9ED2557ECC100C0ED89 /* AppTabNavigation.swift in Sources */ = {isa = PBXBuildFile; fileRef = A9A8A9CE2557E98400C0ED89 /* AppTabNavigation.swift */; };
		A9A8A9F32557F0F600C0ED89 /* AppSidebarNavigation.swift in Sources */ = {isa = PBXBuildFile; fileRef = A9A8A9F22557F0F600C0ED89 /* AppSidebarNavigation.swift */; };
		A9B3C52D25FBFEAD008FE244 /* UpArrowCircleIcon.swift in Sources */ = {isa = PBXBuildFile; fileRef = A9B3C52C25FBFEAD008FE244 /* UpArrowCircleIcon.swift */; };
		A9B3C53425FBFF14008FE244 /* DownArrowCircleIcon.swift in Sources */ = {isa = PBXBuildFile; fileRef = A9B3C53325FBFF14008FE244 /* DownArrowCircleIcon.swift */; };
		A9B3D76F257FC68600E65F1A /* AppState.swift in Sources */ = {isa = PBXBuildFile; fileRef = A9B3D76E257FC68600E65F1A /* AppState.swift */; };
		A9B3D777257FC96A00E65F1A /* SheetToShow.swift in Sources */ = {isa = PBXBuildFile; fileRef = A9B3D776257FC96A00E65F1A /* SheetToShow.swift */; };
		A9D1B2CA2553E8E100931B2B /* shared in Resources */ = {isa = PBXBuildFile; fileRef = A9D1B2C92553E8E100931B2B /* shared */; };
		A9D269D924FC28F900D2B4AE /* HeaderNavigator.swift in Sources */ = {isa = PBXBuildFile; fileRef = A9D269D824FC28F900D2B4AE /* HeaderNavigator.swift */; };
		A9D269DC24FC2E5000D2B4AE /* HomeRecap.swift in Sources */ = {isa = PBXBuildFile; fileRef = A9D269DB24FC2E5000D2B4AE /* HomeRecap.swift */; };
		A9D269E024FC311D00D2B4AE /* HomeScreen.swift in Sources */ = {isa = PBXBuildFile; fileRef = A9D269DF24FC311D00D2B4AE /* HomeScreen.swift */; };
		A9D269E324FC35CA00D2B4AE /* HideRowSeparatorModifier.swift in Sources */ = {isa = PBXBuildFile; fileRef = A9D269E224FC35CA00D2B4AE /* HideRowSeparatorModifier.swift */; };
		A9D8985A24FBF060007771A1 /* Poppins-ExtraLight.ttf in Resources */ = {isa = PBXBuildFile; fileRef = A9D8985624FBF060007771A1 /* Poppins-ExtraLight.ttf */; };
		A9D8985C24FBF060007771A1 /* Poppins-Semibold.ttf in Resources */ = {isa = PBXBuildFile; fileRef = A9D8985724FBF060007771A1 /* Poppins-Semibold.ttf */; };
		A9D8985E24FBF060007771A1 /* Poppins-Regular.ttf in Resources */ = {isa = PBXBuildFile; fileRef = A9D8985824FBF060007771A1 /* Poppins-Regular.ttf */; };
		A9D8986024FBF060007771A1 /* Poppins-Light.ttf in Resources */ = {isa = PBXBuildFile; fileRef = A9D8985924FBF060007771A1 /* Poppins-Light.ttf */; };
		A9D8986324FBF12A007771A1 /* AppFonts.swift in Sources */ = {isa = PBXBuildFile; fileRef = A9D8986224FBF12A007771A1 /* AppFonts.swift */; };
		A9D8986624FBF18B007771A1 /* AppColors.swift in Sources */ = {isa = PBXBuildFile; fileRef = A9D8986524FBF18B007771A1 /* AppColors.swift */; };
		A9D8986924FBF196007771A1 /* AppMargins.swift in Sources */ = {isa = PBXBuildFile; fileRef = A9D8986824FBF196007771A1 /* AppMargins.swift */; };
		A9D8986C24FBF22F007771A1 /* Colors.xcassets in Resources */ = {isa = PBXBuildFile; fileRef = A9D8986B24FBF22F007771A1 /* Colors.xcassets */; };
		A9D8987024FBF8C4007771A1 /* Extensions.swift in Sources */ = {isa = PBXBuildFile; fileRef = A9D8986F24FBF8C4007771A1 /* Extensions.swift */; };
		A9D8987424FBFA4A007771A1 /* TransactionCard.swift in Sources */ = {isa = PBXBuildFile; fileRef = A9D8987324FBFA4A007771A1 /* TransactionCard.swift */; };
		A9E68AB325037D4F00851990 /* HomeViewModel.swift in Sources */ = {isa = PBXBuildFile; fileRef = A9E68AB225037D4F00851990 /* HomeViewModel.swift */; };
		A9F6751124F59E2700F486FE /* Tests_iOS.swift in Sources */ = {isa = PBXBuildFile; fileRef = A9F6751024F59E2700F486FE /* Tests_iOS.swift */; };
		A9F6751E24F59E2700F486FE /* MoneyFlowApp.swift in Sources */ = {isa = PBXBuildFile; fileRef = A9F674F524F59E2500F486FE /* MoneyFlowApp.swift */; };
		A9F6752024F59E2700F486FE /* ContentView.swift in Sources */ = {isa = PBXBuildFile; fileRef = A9F674F624F59E2500F486FE /* ContentView.swift */; };
		A9F6752224F59E2700F486FE /* Images.xcassets in Resources */ = {isa = PBXBuildFile; fileRef = A9F674F724F59E2600F486FE /* Images.xcassets */; };
		A9FEB379253CCAD6002DEB65 /* FilePicker.swift in Sources */ = {isa = PBXBuildFile; fileRef = A9FEB378253CCAD6002DEB65 /* FilePicker.swift */; };
		CC60377D29A6070300EA03A4 /* Config.xcconfig in Resources */ = {isa = PBXBuildFile; fileRef = CC60377C29A6070300EA03A4 /* Config.xcconfig */; };
		E755FEC2CD9B3B1AD81627BE /* DropboxErrors.swift in Sources */ = {isa = PBXBuildFile; fileRef = E755F5FB5A5248912493FAF7 /* DropboxErrors.swift */; };
/* End PBXBuildFile section */

/* Begin PBXContainerItemProxy section */
		A9F6750D24F59E2700F486FE /* PBXContainerItemProxy */ = {
			isa = PBXContainerItemProxy;
			containerPortal = A9F674F024F59E2500F486FE /* Project object */;
			proxyType = 1;
			remoteGlobalIDString = A9F674FB24F59E2700F486FE;
			remoteInfo = "iosApp (iOS)";
		};
/* End PBXContainerItemProxy section */

/* Begin PBXFileReference section */
		18FAAF44652500A26ACC8FC8 /* Pods-MoneyFlow.release.xcconfig */ = {isa = PBXFileReference; includeInIndex = 1; lastKnownFileType = text.xcconfig; name = "Pods-MoneyFlow.release.xcconfig"; path = "Target Support Files/Pods-MoneyFlow/Pods-MoneyFlow.release.xcconfig"; sourceTree = "<group>"; };
		8D9481C3277BA4AC003568EE /* Snackbar.swift */ = {isa = PBXFileReference; lastKnownFileType = sourcecode.swift; path = Snackbar.swift; sourceTree = "<group>"; };
		8D9481C6277BA694003568EE /* SnackbarData.swift */ = {isa = PBXFileReference; lastKnownFileType = sourcecode.swift; path = SnackbarData.swift; sourceTree = "<group>"; };
		8D9481D9277C9ED9003568EE /* en */ = {isa = PBXFileReference; lastKnownFileType = text.plist.strings; name = en; path = en.lproj/Localizable.strings; sourceTree = "<group>"; };
		8D9481DB277C9EDD003568EE /* it */ = {isa = PBXFileReference; lastKnownFileType = text.plist.strings; name = it; path = it.lproj/Localizable.strings; sourceTree = "<group>"; };
		8D9481DD277CCDB7003568EE /* UIErrorDataMapper.swift */ = {isa = PBXFileReference; lastKnownFileType = sourcecode.swift; path = UIErrorDataMapper.swift; sourceTree = "<group>"; };
		8D9481DF277E6535003568EE /* ErrorView.swift */ = {isa = PBXFileReference; lastKnownFileType = sourcecode.swift; path = ErrorView.swift; sourceTree = "<group>"; };
		8DEA1AB929464CAB0039D836 /* DropboxDataSourceIOS.swift */ = {isa = PBXFileReference; lastKnownFileType = sourcecode.swift; path = DropboxDataSourceIOS.swift; sourceTree = "<group>"; };
		93E5ECD78328DBC603F66B2F /* Pods_MoneyFlow.framework */ = {isa = PBXFileReference; explicitFileType = wrapper.framework; includeInIndex = 0; path = Pods_MoneyFlow.framework; sourceTree = BUILT_PRODUCTS_DIR; };
		A930B884253B8EED00CB92DF /* ShareSheet.swift */ = {isa = PBXFileReference; lastKnownFileType = sourcecode.swift; path = ShareSheet.swift; sourceTree = "<group>"; };
		A93F6899263F36E80075AB49 /* CombineAdapters.swift */ = {isa = PBXFileReference; lastKnownFileType = sourcecode.swift; path = CombineAdapters.swift; sourceTree = "<group>"; };
		A93F689B263F3FCB0075AB49 /* DispatcherQueueUtils.swift */ = {isa = PBXFileReference; lastKnownFileType = sourcecode.swift; path = DispatcherQueueUtils.swift; sourceTree = "<group>"; };
		A9471EBE257594E300C5D3AF /* AddTransactionScreen.swift */ = {isa = PBXFileReference; lastKnownFileType = sourcecode.swift; path = AddTransactionScreen.swift; sourceTree = "<group>"; };
		A9471EC5257595D800C5D3AF /* CategoriesScreen.swift */ = {isa = PBXFileReference; lastKnownFileType = sourcecode.swift; path = CategoriesScreen.swift; sourceTree = "<group>"; };
		A9471ECB2575979100C5D3AF /* CategoriesViewModel.swift */ = {isa = PBXFileReference; lastKnownFileType = sourcecode.swift; path = CategoriesViewModel.swift; sourceTree = "<group>"; };
		A9471ED225759ACA00C5D3AF /* CategoryCard.swift */ = {isa = PBXFileReference; lastKnownFileType = sourcecode.swift; path = CategoryCard.swift; sourceTree = "<group>"; };
		A9471ED925759DAD00C5D3AF /* AddTransactionState.swift */ = {isa = PBXFileReference; lastKnownFileType = sourcecode.swift; path = AddTransactionState.swift; sourceTree = "<group>"; };
		A947AF1E2554991600633BD3 /* DepsInjector.swift */ = {isa = PBXFileReference; lastKnownFileType = sourcecode.swift; path = DepsInjector.swift; sourceTree = "<group>"; };
		A947AF242554A7D500633BD3 /* DatabaseImportExport.swift */ = {isa = PBXFileReference; lastKnownFileType = sourcecode.swift; path = DatabaseImportExport.swift; sourceTree = "<group>"; };
		A988B761257D675B00F6113A /* AddTransactionViewModel.swift */ = {isa = PBXFileReference; lastKnownFileType = sourcecode.swift; path = AddTransactionViewModel.swift; sourceTree = "<group>"; };
		A988B767257D6A2A00F6113A /* RadioButton.swift */ = {isa = PBXFileReference; lastKnownFileType = sourcecode.swift; path = RadioButton.swift; sourceTree = "<group>"; };
		A988B76D257D6AA600F6113A /* ColorInverter.swift */ = {isa = PBXFileReference; lastKnownFileType = sourcecode.swift; path = ColorInverter.swift; sourceTree = "<group>"; };
		A988B774257D6BA300F6113A /* RadioButtonGroup.swift */ = {isa = PBXFileReference; lastKnownFileType = sourcecode.swift; path = RadioButtonGroup.swift; sourceTree = "<group>"; };
		A988B77E257D763900F6113A /* DMImage.swift */ = {isa = PBXFileReference; lastKnownFileType = sourcecode.swift; path = DMImage.swift; sourceTree = "<group>"; };
		A988B784257D7D5100F6113A /* TransactionTypeRadioItem.swift */ = {isa = PBXFileReference; lastKnownFileType = sourcecode.swift; path = TransactionTypeRadioItem.swift; sourceTree = "<group>"; };
		A98B5CDF258AA7F30020C5C5 /* DropboxLoginView.swift */ = {isa = PBXFileReference; lastKnownFileType = sourcecode.swift; path = DropboxLoginView.swift; sourceTree = "<group>"; };
		A98B5CED258B40390020C5C5 /* DropboxScreen.swift */ = {isa = PBXFileReference; lastKnownFileType = sourcecode.swift; path = DropboxScreen.swift; sourceTree = "<group>"; };
		A98B5CF3258BF2660020C5C5 /* CustomNotifications.swift */ = {isa = PBXFileReference; lastKnownFileType = sourcecode.swift; path = CustomNotifications.swift; sourceTree = "<group>"; };
		A98B5CF9258BF5B70020C5C5 /* DropboxViewModel.swift */ = {isa = PBXFileReference; indentWidth = 5; lastKnownFileType = sourcecode.swift; path = DropboxViewModel.swift; sourceTree = "<group>"; };
		A99B356B257EE89900B626ED /* SidebarMenuItem.swift */ = {isa = PBXFileReference; lastKnownFileType = sourcecode.swift; path = SidebarMenuItem.swift; sourceTree = "<group>"; };
		A99B3573257F7ABF00B626ED /* SidebarNavigationItem.swift */ = {isa = PBXFileReference; lastKnownFileType = sourcecode.swift; path = SidebarNavigationItem.swift; sourceTree = "<group>"; };
		A9A8A9CE2557E98400C0ED89 /* AppTabNavigation.swift */ = {isa = PBXFileReference; lastKnownFileType = sourcecode.swift; path = AppTabNavigation.swift; sourceTree = "<group>"; };
		A9A8A9D32557EA3D00C0ED89 /* SettingsScreen.swift */ = {isa = PBXFileReference; lastKnownFileType = sourcecode.swift; path = SettingsScreen.swift; sourceTree = "<group>"; };
		A9A8A9D92557EA9B00C0ED89 /* BudgetScreen.swift */ = {isa = PBXFileReference; lastKnownFileType = sourcecode.swift; path = BudgetScreen.swift; sourceTree = "<group>"; };
		A9A8A9DF2557EAB900C0ED89 /* RecapScreen.swift */ = {isa = PBXFileReference; lastKnownFileType = sourcecode.swift; path = RecapScreen.swift; sourceTree = "<group>"; };
		A9A8A9F22557F0F600C0ED89 /* AppSidebarNavigation.swift */ = {isa = PBXFileReference; lastKnownFileType = sourcecode.swift; path = AppSidebarNavigation.swift; sourceTree = "<group>"; };
		A9B3C52C25FBFEAD008FE244 /* UpArrowCircleIcon.swift */ = {isa = PBXFileReference; lastKnownFileType = sourcecode.swift; path = UpArrowCircleIcon.swift; sourceTree = "<group>"; };
		A9B3C53325FBFF14008FE244 /* DownArrowCircleIcon.swift */ = {isa = PBXFileReference; lastKnownFileType = sourcecode.swift; path = DownArrowCircleIcon.swift; sourceTree = "<group>"; };
		A9B3D76E257FC68600E65F1A /* AppState.swift */ = {isa = PBXFileReference; lastKnownFileType = sourcecode.swift; path = AppState.swift; sourceTree = "<group>"; };
		A9B3D776257FC96A00E65F1A /* SheetToShow.swift */ = {isa = PBXFileReference; lastKnownFileType = sourcecode.swift; path = SheetToShow.swift; sourceTree = "<group>"; };
		A9D1B2C92553E8E100931B2B /* shared */ = {isa = PBXFileReference; lastKnownFileType = folder; name = shared; path = ../shared; sourceTree = "<group>"; };
		A9D269D824FC28F900D2B4AE /* HeaderNavigator.swift */ = {isa = PBXFileReference; lastKnownFileType = sourcecode.swift; path = HeaderNavigator.swift; sourceTree = "<group>"; };
		A9D269DB24FC2E5000D2B4AE /* HomeRecap.swift */ = {isa = PBXFileReference; lastKnownFileType = sourcecode.swift; path = HomeRecap.swift; sourceTree = "<group>"; };
		A9D269DF24FC311D00D2B4AE /* HomeScreen.swift */ = {isa = PBXFileReference; lastKnownFileType = sourcecode.swift; path = HomeScreen.swift; sourceTree = "<group>"; };
		A9D269E224FC35CA00D2B4AE /* HideRowSeparatorModifier.swift */ = {isa = PBXFileReference; lastKnownFileType = sourcecode.swift; path = HideRowSeparatorModifier.swift; sourceTree = "<group>"; };
		A9D8985624FBF060007771A1 /* Poppins-ExtraLight.ttf */ = {isa = PBXFileReference; lastKnownFileType = file; path = "Poppins-ExtraLight.ttf"; sourceTree = "<group>"; };
		A9D8985724FBF060007771A1 /* Poppins-Semibold.ttf */ = {isa = PBXFileReference; lastKnownFileType = file; path = "Poppins-Semibold.ttf"; sourceTree = "<group>"; };
		A9D8985824FBF060007771A1 /* Poppins-Regular.ttf */ = {isa = PBXFileReference; lastKnownFileType = file; path = "Poppins-Regular.ttf"; sourceTree = "<group>"; };
		A9D8985924FBF060007771A1 /* Poppins-Light.ttf */ = {isa = PBXFileReference; lastKnownFileType = file; path = "Poppins-Light.ttf"; sourceTree = "<group>"; };
		A9D8986224FBF12A007771A1 /* AppFonts.swift */ = {isa = PBXFileReference; lastKnownFileType = sourcecode.swift; path = AppFonts.swift; sourceTree = "<group>"; };
		A9D8986524FBF18B007771A1 /* AppColors.swift */ = {isa = PBXFileReference; lastKnownFileType = sourcecode.swift; path = AppColors.swift; sourceTree = "<group>"; };
		A9D8986824FBF196007771A1 /* AppMargins.swift */ = {isa = PBXFileReference; lastKnownFileType = sourcecode.swift; path = AppMargins.swift; sourceTree = "<group>"; };
		A9D8986B24FBF22F007771A1 /* Colors.xcassets */ = {isa = PBXFileReference; lastKnownFileType = folder.assetcatalog; path = Colors.xcassets; sourceTree = "<group>"; };
		A9D8986F24FBF8C4007771A1 /* Extensions.swift */ = {isa = PBXFileReference; lastKnownFileType = sourcecode.swift; path = Extensions.swift; sourceTree = "<group>"; };
		A9D8987324FBFA4A007771A1 /* TransactionCard.swift */ = {isa = PBXFileReference; lastKnownFileType = sourcecode.swift; path = TransactionCard.swift; sourceTree = "<group>"; };
		A9E68AB225037D4F00851990 /* HomeViewModel.swift */ = {isa = PBXFileReference; lastKnownFileType = sourcecode.swift; path = HomeViewModel.swift; sourceTree = "<group>"; };
		A9F674F524F59E2500F486FE /* MoneyFlowApp.swift */ = {isa = PBXFileReference; lastKnownFileType = sourcecode.swift; path = MoneyFlowApp.swift; sourceTree = "<group>"; };
		A9F674F624F59E2500F486FE /* ContentView.swift */ = {isa = PBXFileReference; lastKnownFileType = sourcecode.swift; path = ContentView.swift; sourceTree = "<group>"; };
		A9F674F724F59E2600F486FE /* Images.xcassets */ = {isa = PBXFileReference; lastKnownFileType = folder.assetcatalog; path = Images.xcassets; sourceTree = "<group>"; };
		A9F674FC24F59E2700F486FE /* MoneyFlow.app */ = {isa = PBXFileReference; explicitFileType = wrapper.application; includeInIndex = 0; path = MoneyFlow.app; sourceTree = BUILT_PRODUCTS_DIR; };
		A9F674FF24F59E2700F486FE /* Info.plist */ = {isa = PBXFileReference; lastKnownFileType = text.plist.xml; path = Info.plist; sourceTree = "<group>"; };
		A9F6750C24F59E2700F486FE /* Tests.xctest */ = {isa = PBXFileReference; explicitFileType = wrapper.cfbundle; includeInIndex = 0; path = Tests.xctest; sourceTree = BUILT_PRODUCTS_DIR; };
		A9F6751024F59E2700F486FE /* Tests_iOS.swift */ = {isa = PBXFileReference; lastKnownFileType = sourcecode.swift; path = Tests_iOS.swift; sourceTree = "<group>"; };
		A9F6751224F59E2700F486FE /* Info.plist */ = {isa = PBXFileReference; lastKnownFileType = text.plist.xml; path = Info.plist; sourceTree = "<group>"; };
		A9FEB378253CCAD6002DEB65 /* FilePicker.swift */ = {isa = PBXFileReference; lastKnownFileType = sourcecode.swift; path = FilePicker.swift; sourceTree = "<group>"; };
		C01C17F103DA37F28E6E90F4 /* Pods-MoneyFlow.debug.xcconfig */ = {isa = PBXFileReference; includeInIndex = 1; lastKnownFileType = text.xcconfig; name = "Pods-MoneyFlow.debug.xcconfig"; path = "Target Support Files/Pods-MoneyFlow/Pods-MoneyFlow.debug.xcconfig"; sourceTree = "<group>"; };
		CC60377C29A6070300EA03A4 /* Config.xcconfig */ = {isa = PBXFileReference; lastKnownFileType = text.xcconfig; path = Config.xcconfig; sourceTree = "<group>"; };
		E755F5FB5A5248912493FAF7 /* DropboxErrors.swift */ = {isa = PBXFileReference; fileEncoding = 4; lastKnownFileType = sourcecode.swift; path = DropboxErrors.swift; sourceTree = "<group>"; };
/* End PBXFileReference section */

/* Begin PBXFrameworksBuildPhase section */
		A9F674F924F59E2700F486FE /* Frameworks */ = {
			isa = PBXFrameworksBuildPhase;
			buildActionMask = 2147483647;
			files = (
				663F8105C5CED07B3CBF002C /* Pods_MoneyFlow.framework in Frameworks */,
			);
			runOnlyForDeploymentPostprocessing = 0;
		};
		A9F6750924F59E2700F486FE /* Frameworks */ = {
			isa = PBXFrameworksBuildPhase;
			buildActionMask = 2147483647;
			files = (
			);
			runOnlyForDeploymentPostprocessing = 0;
		};
/* End PBXFrameworksBuildPhase section */

/* Begin PBXGroup section */
		37204CC749F71A39C7B404A1 /* Frameworks */ = {
			isa = PBXGroup;
			children = (
				93E5ECD78328DBC603F66B2F /* Pods_MoneyFlow.framework */,
			);
			name = Frameworks;
			sourceTree = "<group>";
		};
		8D9481C5277BA688003568EE /* Model */ = {
			isa = PBXGroup;
			children = (
				8D9481C6277BA694003568EE /* SnackbarData.swift */,
			);
			path = Model;
			sourceTree = "<group>";
		};
		8D9481D5277C9EAA003568EE /* Localization */ = {
			isa = PBXGroup;
			children = (
				8D9481DA277C9ED9003568EE /* Localizable.strings */,
			);
			path = Localization;
			sourceTree = "<group>";
		};
		8D9481DC277CCDA7003568EE /* Data */ = {
			isa = PBXGroup;
			children = (
				8D9481DD277CCDB7003568EE /* UIErrorDataMapper.swift */,
			);
			path = Data;
			sourceTree = "<group>";
		};
		8DEA1AB829464C780039D836 /* Dropbox */ = {
			isa = PBXGroup;
			children = (
				8DEA1AB929464CAB0039D836 /* DropboxDataSourceIOS.swift */,
				E755F5FB5A5248912493FAF7 /* DropboxErrors.swift */,
			);
			path = Dropbox;
			sourceTree = "<group>";
		};
		A92ADAB3257FA88100214846 /* Components */ = {
			isa = PBXGroup;
			children = (
				A9D269DB24FC2E5000D2B4AE /* HomeRecap.swift */,
			);
			path = Components;
			sourceTree = "<group>";
		};
		A930B879253B7FFB00CB92DF /* DI */ = {
			isa = PBXGroup;
			children = (
				A947AF1E2554991600633BD3 /* DepsInjector.swift */,
			);
			path = DI;
			sourceTree = "<group>";
		};
		A9471EAF257594BC00C5D3AF /* AddTransaction */ = {
			isa = PBXGroup;
			children = (
				A9471ED825759D9F00C5D3AF /* Data */,
				A9471EBE257594E300C5D3AF /* AddTransactionScreen.swift */,
				A988B761257D675B00F6113A /* AddTransactionViewModel.swift */,
			);
			path = AddTransaction;
			sourceTree = "<group>";
		};
		A9471EC4257595BC00C5D3AF /* Categories */ = {
			isa = PBXGroup;
			children = (
				A9471ED125759ABA00C5D3AF /* Components */,
				A9471EC5257595D800C5D3AF /* CategoriesScreen.swift */,
				A9471ECB2575979100C5D3AF /* CategoriesViewModel.swift */,
			);
			path = Categories;
			sourceTree = "<group>";
		};
		A9471ED125759ABA00C5D3AF /* Components */ = {
			isa = PBXGroup;
			children = (
				A9471ED225759ACA00C5D3AF /* CategoryCard.swift */,
			);
			path = Components;
			sourceTree = "<group>";
		};
		A9471ED825759D9F00C5D3AF /* Data */ = {
			isa = PBXGroup;
			children = (
				A9471ED925759DAD00C5D3AF /* AddTransactionState.swift */,
				A988B784257D7D5100F6113A /* TransactionTypeRadioItem.swift */,
			);
			path = Data;
			sourceTree = "<group>";
		};
		A99B3571257F7A8E00B626ED /* App */ = {
			isa = PBXGroup;
			children = (
				8D9481C5277BA688003568EE /* Model */,
				A99B3572257F7AAC00B626ED /* Sidebar */,
				A9A8A9CE2557E98400C0ED89 /* AppTabNavigation.swift */,
				A9F674F524F59E2500F486FE /* MoneyFlowApp.swift */,
				A9F674F624F59E2500F486FE /* ContentView.swift */,
				A9B3D76E257FC68600E65F1A /* AppState.swift */,
			);
			path = App;
			sourceTree = "<group>";
		};
		A99B3572257F7AAC00B626ED /* Sidebar */ = {
			isa = PBXGroup;
			children = (
				A99B356B257EE89900B626ED /* SidebarMenuItem.swift */,
				A9A8A9F22557F0F600C0ED89 /* AppSidebarNavigation.swift */,
				A99B3573257F7ABF00B626ED /* SidebarNavigationItem.swift */,
			);
			path = Sidebar;
			sourceTree = "<group>";
		};
		A9A8A9CF2557E9FB00C0ED89 /* Features */ = {
			isa = PBXGroup;
			children = (
				A9471EC4257595BC00C5D3AF /* Categories */,
				A9471EAF257594BC00C5D3AF /* AddTransaction */,
				A9A8A9D22557EA1F00C0ED89 /* Settings */,
				A9A8A9D12557EA1700C0ED89 /* Budget */,
				A9A8A9D02557EA0900C0ED89 /* Recap */,
				A9D269DE24FC310F00D2B4AE /* Home */,
			);
			path = Features;
			sourceTree = "<group>";
		};
		A9A8A9D02557EA0900C0ED89 /* Recap */ = {
			isa = PBXGroup;
			children = (
				A9A8A9DF2557EAB900C0ED89 /* RecapScreen.swift */,
			);
			path = Recap;
			sourceTree = "<group>";
		};
		A9A8A9D12557EA1700C0ED89 /* Budget */ = {
			isa = PBXGroup;
			children = (
				A9A8A9D92557EA9B00C0ED89 /* BudgetScreen.swift */,
			);
			path = Budget;
			sourceTree = "<group>";
		};
		A9A8A9D22557EA1F00C0ED89 /* Settings */ = {
			isa = PBXGroup;
			children = (
				A9B3D775257FC95C00E65F1A /* Data */,
				A9A8A9D32557EA3D00C0ED89 /* SettingsScreen.swift */,
				A98B5CDF258AA7F30020C5C5 /* DropboxLoginView.swift */,
				A98B5CED258B40390020C5C5 /* DropboxScreen.swift */,
				A98B5CF9258BF5B70020C5C5 /* DropboxViewModel.swift */,
			);
			path = Settings;
			sourceTree = "<group>";
		};
		A9B3D775257FC95C00E65F1A /* Data */ = {
			isa = PBXGroup;
			children = (
				A9B3D776257FC96A00E65F1A /* SheetToShow.swift */,
			);
			path = Data;
			sourceTree = "<group>";
		};
		A9D269DE24FC310F00D2B4AE /* Home */ = {
			isa = PBXGroup;
			children = (
				A92ADAB3257FA88100214846 /* Components */,
				A9D269DF24FC311D00D2B4AE /* HomeScreen.swift */,
				A9E68AB225037D4F00851990 /* HomeViewModel.swift */,
			);
			path = Home;
			sourceTree = "<group>";
		};
		A9D8985224FBEF7C007771A1 /* Style */ = {
			isa = PBXGroup;
			children = (
				A9D8986224FBF12A007771A1 /* AppFonts.swift */,
				A9D8986524FBF18B007771A1 /* AppColors.swift */,
				A9D8986824FBF196007771A1 /* AppMargins.swift */,
			);
			path = Style;
			sourceTree = "<group>";
		};
		A9D8985324FBEF8A007771A1 /* UI */ = {
			isa = PBXGroup;
			children = (
				A9D8987224FBF92F007771A1 /* Components */,
				A9D269E224FC35CA00D2B4AE /* HideRowSeparatorModifier.swift */,
			);
			path = UI;
			sourceTree = "<group>";
		};
		A9D8985424FBEFF8007771A1 /* Assets */ = {
			isa = PBXGroup;
			children = (
				8D9481D5277C9EAA003568EE /* Localization */,
				A9F674FF24F59E2700F486FE /* Info.plist */,
				A9F674F724F59E2600F486FE /* Images.xcassets */,
				A9D8986B24FBF22F007771A1 /* Colors.xcassets */,
				A9D8985524FBEFFF007771A1 /* Font */,
				CC60377C29A6070300EA03A4 /* Config.xcconfig */,
			);
			path = Assets;
			sourceTree = "<group>";
		};
		A9D8985524FBEFFF007771A1 /* Font */ = {
			isa = PBXGroup;
			children = (
				A9D8985724FBF060007771A1 /* Poppins-Semibold.ttf */,
				A9D8985624FBF060007771A1 /* Poppins-ExtraLight.ttf */,
				A9D8985924FBF060007771A1 /* Poppins-Light.ttf */,
				A9D8985824FBF060007771A1 /* Poppins-Regular.ttf */,
			);
			path = Font;
			sourceTree = "<group>";
		};
		A9D8986E24FBF8A6007771A1 /* Utils */ = {
			isa = PBXGroup;
			children = (
				A98B5CF3258BF2660020C5C5 /* CustomNotifications.swift */,
				A9D8986F24FBF8C4007771A1 /* Extensions.swift */,
				A947AF242554A7D500633BD3 /* DatabaseImportExport.swift */,
				A93F6899263F36E80075AB49 /* CombineAdapters.swift */,
				A93F689B263F3FCB0075AB49 /* DispatcherQueueUtils.swift */,
			);
			path = Utils;
			sourceTree = "<group>";
		};
		A9D8987224FBF92F007771A1 /* Components */ = {
			isa = PBXGroup;
			children = (
				A9D8987324FBFA4A007771A1 /* TransactionCard.swift */,
				A9D269D824FC28F900D2B4AE /* HeaderNavigator.swift */,
				A930B884253B8EED00CB92DF /* ShareSheet.swift */,
				A9FEB378253CCAD6002DEB65 /* FilePicker.swift */,
				A988B767257D6A2A00F6113A /* RadioButton.swift */,
				A988B76D257D6AA600F6113A /* ColorInverter.swift */,
				A988B774257D6BA300F6113A /* RadioButtonGroup.swift */,
				A988B77E257D763900F6113A /* DMImage.swift */,
				A9B3C52C25FBFEAD008FE244 /* UpArrowCircleIcon.swift */,
				A9B3C53325FBFF14008FE244 /* DownArrowCircleIcon.swift */,
				8D9481C3277BA4AC003568EE /* Snackbar.swift */,
				8D9481DF277E6535003568EE /* ErrorView.swift */,
			);
			path = Components;
			sourceTree = "<group>";
		};
		A9F674EF24F59E2500F486FE = {
			isa = PBXGroup;
			children = (
				A9D1B2C92553E8E100931B2B /* shared */,
				A9D8985424FBEFF8007771A1 /* Assets */,
				A9F674F424F59E2500F486FE /* Source */,
				A9F6750F24F59E2700F486FE /* Tests */,
				A9F674FD24F59E2700F486FE /* Products */,
				CAEF5179E3C74C35C9D9124B /* Pods */,
				37204CC749F71A39C7B404A1 /* Frameworks */,
			);
			sourceTree = "<group>";
		};
		A9F674F424F59E2500F486FE /* Source */ = {
			isa = PBXGroup;
			children = (
				8DEA1AB829464C780039D836 /* Dropbox */,
				8D9481DC277CCDA7003568EE /* Data */,
				A99B3571257F7A8E00B626ED /* App */,
				A9A8A9CF2557E9FB00C0ED89 /* Features */,
				A930B879253B7FFB00CB92DF /* DI */,
				A9D8986E24FBF8A6007771A1 /* Utils */,
				A9D8985324FBEF8A007771A1 /* UI */,
				A9D8985224FBEF7C007771A1 /* Style */,
			);
			path = Source;
			sourceTree = "<group>";
		};
		A9F674FD24F59E2700F486FE /* Products */ = {
			isa = PBXGroup;
			children = (
				A9F674FC24F59E2700F486FE /* MoneyFlow.app */,
				A9F6750C24F59E2700F486FE /* Tests.xctest */,
			);
			name = Products;
			sourceTree = "<group>";
		};
		A9F6750F24F59E2700F486FE /* Tests */ = {
			isa = PBXGroup;
			children = (
				A9F6751024F59E2700F486FE /* Tests_iOS.swift */,
				A9F6751224F59E2700F486FE /* Info.plist */,
			);
			path = Tests;
			sourceTree = "<group>";
		};
		CAEF5179E3C74C35C9D9124B /* Pods */ = {
			isa = PBXGroup;
			children = (
				C01C17F103DA37F28E6E90F4 /* Pods-MoneyFlow.debug.xcconfig */,
				18FAAF44652500A26ACC8FC8 /* Pods-MoneyFlow.release.xcconfig */,
			);
			path = Pods;
			sourceTree = "<group>";
		};
/* End PBXGroup section */

/* Begin PBXNativeTarget section */
		A9F674FB24F59E2700F486FE /* MoneyFlow */ = {
			isa = PBXNativeTarget;
			buildConfigurationList = A9F6752624F59E2700F486FE /* Build configuration list for PBXNativeTarget "MoneyFlow" */;
			buildPhases = (
				DA4902125A333D5E0250254B /* [CP] Check Pods Manifest.lock */,
				A9F674F824F59E2700F486FE /* Sources */,
				A9F674F924F59E2700F486FE /* Frameworks */,
				A9F674FA24F59E2700F486FE /* Resources */,
				8DAC5AF327CC0A5B001F9E86 /* SwiftLint */,
				B57974FDD4E6325DFEC2D09D /* [CP] Embed Pods Frameworks */,
			);
			buildRules = (
			);
			dependencies = (
			);
			name = MoneyFlow;
			productName = "iosApp (iOS)";
			productReference = A9F674FC24F59E2700F486FE /* MoneyFlow.app */;
			productType = "com.apple.product-type.application";
		};
		A9F6750B24F59E2700F486FE /* Tests */ = {
			isa = PBXNativeTarget;
			buildConfigurationList = A9F6752C24F59E2700F486FE /* Build configuration list for PBXNativeTarget "Tests" */;
			buildPhases = (
				A9F6750824F59E2700F486FE /* Sources */,
				A9F6750924F59E2700F486FE /* Frameworks */,
				A9F6750A24F59E2700F486FE /* Resources */,
			);
			buildRules = (
			);
			dependencies = (
				A9F6750E24F59E2700F486FE /* PBXTargetDependency */,
			);
			name = Tests;
			productName = "Tests iOS";
			productReference = A9F6750C24F59E2700F486FE /* Tests.xctest */;
			productType = "com.apple.product-type.bundle.ui-testing";
		};
/* End PBXNativeTarget section */

/* Begin PBXProject section */
		A9F674F024F59E2500F486FE /* Project object */ = {
			isa = PBXProject;
			attributes = {
				LastSwiftUpdateCheck = 1200;
				LastUpgradeCheck = 1210;
				TargetAttributes = {
					A9F674FB24F59E2700F486FE = {
						CreatedOnToolsVersion = 12.0;
					};
					A9F6750B24F59E2700F486FE = {
						CreatedOnToolsVersion = 12.0;
						TestTargetID = A9F674FB24F59E2700F486FE;
					};
				};
			};
			buildConfigurationList = A9F674F324F59E2500F486FE /* Build configuration list for PBXProject "MoneyFlow" */;
			compatibilityVersion = "Xcode 9.3";
			developmentRegion = en;
			hasScannedForEncodings = 0;
			knownRegions = (
				en,
				Base,
				it,
			);
			mainGroup = A9F674EF24F59E2500F486FE;
			productRefGroup = A9F674FD24F59E2700F486FE /* Products */;
			projectDirPath = "";
			projectRoot = "";
			targets = (
				A9F674FB24F59E2700F486FE /* MoneyFlow */,
				A9F6750B24F59E2700F486FE /* Tests */,
			);
		};
/* End PBXProject section */

/* Begin PBXResourcesBuildPhase section */
		A9F674FA24F59E2700F486FE /* Resources */ = {
			isa = PBXResourcesBuildPhase;
			buildActionMask = 2147483647;
			files = (
				A9D8985C24FBF060007771A1 /* Poppins-Semibold.ttf in Resources */,
				A9D8986024FBF060007771A1 /* Poppins-Light.ttf in Resources */,
				A9D8985A24FBF060007771A1 /* Poppins-ExtraLight.ttf in Resources */,
				A9D8986C24FBF22F007771A1 /* Colors.xcassets in Resources */,
				CC60377D29A6070300EA03A4 /* Config.xcconfig in Resources */,
				A9F6752224F59E2700F486FE /* Images.xcassets in Resources */,
				8D9481D8277C9ED9003568EE /* Localizable.strings in Resources */,
				A9D1B2CA2553E8E100931B2B /* shared in Resources */,
				A9D8985E24FBF060007771A1 /* Poppins-Regular.ttf in Resources */,
			);
			runOnlyForDeploymentPostprocessing = 0;
		};
		A9F6750A24F59E2700F486FE /* Resources */ = {
			isa = PBXResourcesBuildPhase;
			buildActionMask = 2147483647;
			files = (
			);
			runOnlyForDeploymentPostprocessing = 0;
		};
/* End PBXResourcesBuildPhase section */

/* Begin PBXShellScriptBuildPhase section */
		8DAC5AF327CC0A5B001F9E86 /* SwiftLint */ = {
			isa = PBXShellScriptBuildPhase;
			buildActionMask = 2147483647;
			files = (
			);
			inputFileListPaths = (
			);
			inputPaths = (
			);
			name = SwiftLint;
			outputFileListPaths = (
			);
			outputPaths = (
			);
			runOnlyForDeploymentPostprocessing = 0;
			shellPath = /bin/sh;
			shellScript = "# Type a script or drag a script file from your workspace to insert its path.\nexport PATH=\"$PATH:/opt/homebrew/bin\"\n\nif which swiftlint >/dev/null; then\n  swiftlint --fix\nelse\n  echo \"warning: SwiftLint not installed, download from https://github.com/realm/SwiftLint\"\nfi\n";
		};
		B57974FDD4E6325DFEC2D09D /* [CP] Embed Pods Frameworks */ = {
			isa = PBXShellScriptBuildPhase;
			buildActionMask = 2147483647;
			files = (
			);
			inputFileListPaths = (
				"${PODS_ROOT}/Target Support Files/Pods-MoneyFlow/Pods-MoneyFlow-frameworks-${CONFIGURATION}-input-files.xcfilelist",
			);
			name = "[CP] Embed Pods Frameworks";
			outputFileListPaths = (
				"${PODS_ROOT}/Target Support Files/Pods-MoneyFlow/Pods-MoneyFlow-frameworks-${CONFIGURATION}-output-files.xcfilelist",
			);
			runOnlyForDeploymentPostprocessing = 0;
			shellPath = /bin/sh;
			shellScript = "\"${PODS_ROOT}/Target Support Files/Pods-MoneyFlow/Pods-MoneyFlow-frameworks.sh\"\n";
			showEnvVarsInLog = 0;
		};
		DA4902125A333D5E0250254B /* [CP] Check Pods Manifest.lock */ = {
			isa = PBXShellScriptBuildPhase;
			buildActionMask = 2147483647;
			files = (
			);
			inputFileListPaths = (
			);
			inputPaths = (
				"${PODS_PODFILE_DIR_PATH}/Podfile.lock",
				"${PODS_ROOT}/Manifest.lock",
			);
			name = "[CP] Check Pods Manifest.lock";
			outputFileListPaths = (
			);
			outputPaths = (
				"$(DERIVED_FILE_DIR)/Pods-MoneyFlow-checkManifestLockResult.txt",
			);
			runOnlyForDeploymentPostprocessing = 0;
			shellPath = /bin/sh;
			shellScript = "diff \"${PODS_PODFILE_DIR_PATH}/Podfile.lock\" \"${PODS_ROOT}/Manifest.lock\" > /dev/null\nif [ $? != 0 ] ; then\n    # print error to STDERR\n    echo \"error: The sandbox is not in sync with the Podfile.lock. Run 'pod install' or update your CocoaPods installation.\" >&2\n    exit 1\nfi\n# This output is used by Xcode 'outputs' to avoid re-running this script phase.\necho \"SUCCESS\" > \"${SCRIPT_OUTPUT_FILE_0}\"\n";
			showEnvVarsInLog = 0;
		};
/* End PBXShellScriptBuildPhase section */

/* Begin PBXSourcesBuildPhase section */
		A9F674F824F59E2700F486FE /* Sources */ = {
			isa = PBXSourcesBuildPhase;
			buildActionMask = 2147483647;
			files = (
				A9A8A9F32557F0F600C0ED89 /* AppSidebarNavigation.swift in Sources */,
				A9D8986324FBF12A007771A1 /* AppFonts.swift in Sources */,
				A947AF252554A7D500633BD3 /* DatabaseImportExport.swift in Sources */,
				A9471ED325759ACA00C5D3AF /* CategoryCard.swift in Sources */,
				A930B885253B8EED00CB92DF /* ShareSheet.swift in Sources */,
				A9D8987024FBF8C4007771A1 /* Extensions.swift in Sources */,
				A9FEB379253CCAD6002DEB65 /* FilePicker.swift in Sources */,
				A9B3C52D25FBFEAD008FE244 /* UpArrowCircleIcon.swift in Sources */,
				8DEA1ABA29464CAB0039D836 /* DropboxDataSourceIOS.swift in Sources */,
				A947AF1F2554991600633BD3 /* DepsInjector.swift in Sources */,
				A988B775257D6BA300F6113A /* RadioButtonGroup.swift in Sources */,
				A9D8986924FBF196007771A1 /* AppMargins.swift in Sources */,
				A99B3574257F7ABF00B626ED /* SidebarNavigationItem.swift in Sources */,
				A9A8A9E02557EAB900C0ED89 /* RecapScreen.swift in Sources */,
				A9A8A9ED2557ECC100C0ED89 /* AppTabNavigation.swift in Sources */,
				A9A8A9DA2557EA9B00C0ED89 /* BudgetScreen.swift in Sources */,
				A9471EBF257594E300C5D3AF /* AddTransactionScreen.swift in Sources */,
				A9D8987424FBFA4A007771A1 /* TransactionCard.swift in Sources */,
				A9B3D777257FC96A00E65F1A /* SheetToShow.swift in Sources */,
				A9D269D924FC28F900D2B4AE /* HeaderNavigator.swift in Sources */,
				A988B76E257D6AA600F6113A /* ColorInverter.swift in Sources */,
				A9471EDA25759DAD00C5D3AF /* AddTransactionState.swift in Sources */,
				A9D269DC24FC2E5000D2B4AE /* HomeRecap.swift in Sources */,
				A9A8A9D42557EA3D00C0ED89 /* SettingsScreen.swift in Sources */,
				A9D269E324FC35CA00D2B4AE /* HideRowSeparatorModifier.swift in Sources */,
				8D9481E0277E6535003568EE /* ErrorView.swift in Sources */,
				8D9481C7277BA694003568EE /* SnackbarData.swift in Sources */,
				A9471EC6257595D800C5D3AF /* CategoriesScreen.swift in Sources */,
				A9E68AB325037D4F00851990 /* HomeViewModel.swift in Sources */,
				A988B77F257D763900F6113A /* DMImage.swift in Sources */,
				A98B5CFA258BF5B70020C5C5 /* DropboxViewModel.swift in Sources */,
				8D9481DE277CCDB7003568EE /* UIErrorDataMapper.swift in Sources */,
				A988B762257D675B00F6113A /* AddTransactionViewModel.swift in Sources */,
				A98B5CEE258B40390020C5C5 /* DropboxScreen.swift in Sources */,
				A93F689C263F3FCB0075AB49 /* DispatcherQueueUtils.swift in Sources */,
				A9D269E024FC311D00D2B4AE /* HomeScreen.swift in Sources */,
				A9471ECC2575979100C5D3AF /* CategoriesViewModel.swift in Sources */,
				A9B3D76F257FC68600E65F1A /* AppState.swift in Sources */,
				A9D8986624FBF18B007771A1 /* AppColors.swift in Sources */,
				A93F689A263F36E80075AB49 /* CombineAdapters.swift in Sources */,
				A98B5CF4258BF2660020C5C5 /* CustomNotifications.swift in Sources */,
				A9B3C53425FBFF14008FE244 /* DownArrowCircleIcon.swift in Sources */,
				A98B5CE0258AA7F40020C5C5 /* DropboxLoginView.swift in Sources */,
				8D9481C4277BA4AC003568EE /* Snackbar.swift in Sources */,
				A988B768257D6A2A00F6113A /* RadioButton.swift in Sources */,
				A99B356C257EE89900B626ED /* SidebarMenuItem.swift in Sources */,
				A9F6752024F59E2700F486FE /* ContentView.swift in Sources */,
				A9F6751E24F59E2700F486FE /* MoneyFlowApp.swift in Sources */,
				A988B785257D7D5100F6113A /* TransactionTypeRadioItem.swift in Sources */,
				E755FEC2CD9B3B1AD81627BE /* DropboxErrors.swift in Sources */,
			);
			runOnlyForDeploymentPostprocessing = 0;
		};
		A9F6750824F59E2700F486FE /* Sources */ = {
			isa = PBXSourcesBuildPhase;
			buildActionMask = 2147483647;
			files = (
				A9F6751124F59E2700F486FE /* Tests_iOS.swift in Sources */,
			);
			runOnlyForDeploymentPostprocessing = 0;
		};
/* End PBXSourcesBuildPhase section */

/* Begin PBXTargetDependency section */
		A9F6750E24F59E2700F486FE /* PBXTargetDependency */ = {
			isa = PBXTargetDependency;
			target = A9F674FB24F59E2700F486FE /* MoneyFlow */;
			targetProxy = A9F6750D24F59E2700F486FE /* PBXContainerItemProxy */;
		};
/* End PBXTargetDependency section */

/* Begin PBXVariantGroup section */
		8D9481DA277C9ED9003568EE /* Localizable.strings */ = {
			isa = PBXVariantGroup;
			children = (
				8D9481D9277C9ED9003568EE /* en */,
				8D9481DB277C9EDD003568EE /* it */,
			);
			name = Localizable.strings;
			sourceTree = "<group>";
		};
/* End PBXVariantGroup section */

/* Begin XCBuildConfiguration section */
		A9F6752424F59E2700F486FE /* Debug */ = {
			isa = XCBuildConfiguration;
			baseConfigurationReference = CC60377C29A6070300EA03A4 /* Config.xcconfig */;
			buildSettings = {
				ALWAYS_SEARCH_USER_PATHS = NO;
				CLANG_ANALYZER_LOCALIZABILITY_NONLOCALIZED = YES;
				CLANG_ANALYZER_NONNULL = YES;
				CLANG_ANALYZER_NUMBER_OBJECT_CONVERSION = YES_AGGRESSIVE;
				CLANG_CXX_LANGUAGE_STANDARD = "gnu++14";
				CLANG_CXX_LIBRARY = "libc++";
				CLANG_ENABLE_MODULES = YES;
				CLANG_ENABLE_OBJC_ARC = YES;
				CLANG_ENABLE_OBJC_WEAK = YES;
				CLANG_WARN_BLOCK_CAPTURE_AUTORELEASING = YES;
				CLANG_WARN_BOOL_CONVERSION = YES;
				CLANG_WARN_COMMA = YES;
				CLANG_WARN_CONSTANT_CONVERSION = YES;
				CLANG_WARN_DEPRECATED_OBJC_IMPLEMENTATIONS = YES;
				CLANG_WARN_DIRECT_OBJC_ISA_USAGE = YES_ERROR;
				CLANG_WARN_DOCUMENTATION_COMMENTS = YES;
				CLANG_WARN_EMPTY_BODY = YES;
				CLANG_WARN_ENUM_CONVERSION = YES;
				CLANG_WARN_INFINITE_RECURSION = YES;
				CLANG_WARN_INT_CONVERSION = YES;
				CLANG_WARN_NON_LITERAL_NULL_CONVERSION = YES;
				CLANG_WARN_OBJC_IMPLICIT_RETAIN_SELF = YES;
				CLANG_WARN_OBJC_LITERAL_CONVERSION = YES;
				CLANG_WARN_OBJC_ROOT_CLASS = YES_ERROR;
				CLANG_WARN_QUOTED_INCLUDE_IN_FRAMEWORK_HEADER = YES;
				CLANG_WARN_RANGE_LOOP_ANALYSIS = YES;
				CLANG_WARN_STRICT_PROTOTYPES = YES;
				CLANG_WARN_SUSPICIOUS_MOVE = YES;
				CLANG_WARN_UNGUARDED_AVAILABILITY = YES_AGGRESSIVE;
				CLANG_WARN_UNREACHABLE_CODE = YES;
				CLANG_WARN__DUPLICATE_METHOD_MATCH = YES;
				COPY_PHASE_STRIP = NO;
				DEBUG_INFORMATION_FORMAT = dwarf;
				ENABLE_STRICT_OBJC_MSGSEND = YES;
				ENABLE_TESTABILITY = YES;
				FRAMEWORK_SEARCH_PATHS = "$(inherited)";
				GCC_C_LANGUAGE_STANDARD = gnu11;
				GCC_DYNAMIC_NO_PIC = NO;
				GCC_NO_COMMON_BLOCKS = YES;
				GCC_OPTIMIZATION_LEVEL = 0;
				GCC_PREPROCESSOR_DEFINITIONS = (
					"DEBUG=1",
					"$(inherited)",
				);
				GCC_WARN_64_TO_32_BIT_CONVERSION = YES;
				GCC_WARN_ABOUT_RETURN_TYPE = YES_ERROR;
				GCC_WARN_UNDECLARED_SELECTOR = YES;
				GCC_WARN_UNINITIALIZED_AUTOS = YES_AGGRESSIVE;
				GCC_WARN_UNUSED_FUNCTION = YES;
				GCC_WARN_UNUSED_VARIABLE = YES;
				MTL_ENABLE_DEBUG_INFO = INCLUDE_SOURCE;
				MTL_FAST_MATH = YES;
				ONLY_ACTIVE_ARCH = YES;
				SWIFT_ACTIVE_COMPILATION_CONDITIONS = DEBUG;
				SWIFT_OPTIMIZATION_LEVEL = "-Onone";
				SWIFT_VERSION = 5.0;
			};
			name = Debug;
		};
		A9F6752524F59E2700F486FE /* Release */ = {
			isa = XCBuildConfiguration;
			baseConfigurationReference = CC60377C29A6070300EA03A4 /* Config.xcconfig */;
			buildSettings = {
				ALWAYS_SEARCH_USER_PATHS = NO;
				CLANG_ANALYZER_LOCALIZABILITY_NONLOCALIZED = YES;
				CLANG_ANALYZER_NONNULL = YES;
				CLANG_ANALYZER_NUMBER_OBJECT_CONVERSION = YES_AGGRESSIVE;
				CLANG_CXX_LANGUAGE_STANDARD = "gnu++14";
				CLANG_CXX_LIBRARY = "libc++";
				CLANG_ENABLE_MODULES = YES;
				CLANG_ENABLE_OBJC_ARC = YES;
				CLANG_ENABLE_OBJC_WEAK = YES;
				CLANG_WARN_BLOCK_CAPTURE_AUTORELEASING = YES;
				CLANG_WARN_BOOL_CONVERSION = YES;
				CLANG_WARN_COMMA = YES;
				CLANG_WARN_CONSTANT_CONVERSION = YES;
				CLANG_WARN_DEPRECATED_OBJC_IMPLEMENTATIONS = YES;
				CLANG_WARN_DIRECT_OBJC_ISA_USAGE = YES_ERROR;
				CLANG_WARN_DOCUMENTATION_COMMENTS = YES;
				CLANG_WARN_EMPTY_BODY = YES;
				CLANG_WARN_ENUM_CONVERSION = YES;
				CLANG_WARN_INFINITE_RECURSION = YES;
				CLANG_WARN_INT_CONVERSION = YES;
				CLANG_WARN_NON_LITERAL_NULL_CONVERSION = YES;
				CLANG_WARN_OBJC_IMPLICIT_RETAIN_SELF = YES;
				CLANG_WARN_OBJC_LITERAL_CONVERSION = YES;
				CLANG_WARN_OBJC_ROOT_CLASS = YES_ERROR;
				CLANG_WARN_QUOTED_INCLUDE_IN_FRAMEWORK_HEADER = YES;
				CLANG_WARN_RANGE_LOOP_ANALYSIS = YES;
				CLANG_WARN_STRICT_PROTOTYPES = YES;
				CLANG_WARN_SUSPICIOUS_MOVE = YES;
				CLANG_WARN_UNGUARDED_AVAILABILITY = YES_AGGRESSIVE;
				CLANG_WARN_UNREACHABLE_CODE = YES;
				CLANG_WARN__DUPLICATE_METHOD_MATCH = YES;
				COPY_PHASE_STRIP = NO;
				DEBUG_INFORMATION_FORMAT = "dwarf-with-dsym";
				ENABLE_NS_ASSERTIONS = NO;
				ENABLE_STRICT_OBJC_MSGSEND = YES;
				FRAMEWORK_SEARCH_PATHS = "$(inherited)";
				GCC_C_LANGUAGE_STANDARD = gnu11;
				GCC_NO_COMMON_BLOCKS = YES;
				GCC_WARN_64_TO_32_BIT_CONVERSION = YES;
				GCC_WARN_ABOUT_RETURN_TYPE = YES_ERROR;
				GCC_WARN_UNDECLARED_SELECTOR = YES;
				GCC_WARN_UNINITIALIZED_AUTOS = YES_AGGRESSIVE;
				GCC_WARN_UNUSED_FUNCTION = YES;
				GCC_WARN_UNUSED_VARIABLE = YES;
				MTL_ENABLE_DEBUG_INFO = NO;
				MTL_FAST_MATH = YES;
				SWIFT_COMPILATION_MODE = wholemodule;
				SWIFT_OPTIMIZATION_LEVEL = "-O";
				SWIFT_VERSION = 5.0;
			};
			name = Release;
		};
		A9F6752724F59E2700F486FE /* Debug */ = {
			isa = XCBuildConfiguration;
			baseConfigurationReference = C01C17F103DA37F28E6E90F4 /* Pods-MoneyFlow.debug.xcconfig */;
			buildSettings = {
				ASSETCATALOG_COMPILER_APPICON_NAME = AppIcon;
				ASSETCATALOG_COMPILER_GLOBAL_ACCENT_COLOR_NAME = AccentColor;
				CODE_SIGN_STYLE = Automatic;
				DEVELOPMENT_TEAM = 2LS7B6UW98;
				ENABLE_PREVIEWS = YES;
				FRAMEWORK_SEARCH_PATHS = "$(inherited)/**";
				INFOPLIST_FILE = Assets/Info.plist;
				IPHONEOS_DEPLOYMENT_TARGET = 14.0;
				LD_RUNPATH_SEARCH_PATHS = "$(inherited)";
				OTHER_LDFLAGS = (
					"$(inherited)",
					"-ObjC",
					"-l\"c++\"",
					"-framework",
					"\"shared\"",
					"-lsqlite3",
				);
				PRODUCT_BUNDLE_IDENTIFIER = com.prof18.moneyflow;
				PRODUCT_NAME = MoneyFlow;
				SDKROOT = iphoneos;
				SWIFT_VERSION = 5.0;
				TARGETED_DEVICE_FAMILY = "1,2";
			};
			name = Debug;
		};
		A9F6752824F59E2700F486FE /* Release */ = {
			isa = XCBuildConfiguration;
			baseConfigurationReference = 18FAAF44652500A26ACC8FC8 /* Pods-MoneyFlow.release.xcconfig */;
			buildSettings = {
				ASSETCATALOG_COMPILER_APPICON_NAME = AppIcon;
				ASSETCATALOG_COMPILER_GLOBAL_ACCENT_COLOR_NAME = AccentColor;
				CODE_SIGN_STYLE = Automatic;
				DEVELOPMENT_TEAM = 2LS7B6UW98;
				ENABLE_PREVIEWS = YES;
				FRAMEWORK_SEARCH_PATHS = "$(inherited)/**";
				INFOPLIST_FILE = Assets/Info.plist;
				IPHONEOS_DEPLOYMENT_TARGET = 14.0;
				LD_RUNPATH_SEARCH_PATHS = "$(inherited)";
				OTHER_LDFLAGS = (
					"$(inherited)",
					"-ObjC",
					"-l\"c++\"",
					"-framework",
					"\"shared\"",
					"-lsqlite3",
				);
				PRODUCT_BUNDLE_IDENTIFIER = com.prof18.moneyflow;
				PRODUCT_NAME = MoneyFlow;
				SDKROOT = iphoneos;
				SWIFT_VERSION = 5.0;
				TARGETED_DEVICE_FAMILY = "1,2";
				VALIDATE_PRODUCT = YES;
			};
			name = Release;
		};
		A9F6752D24F59E2700F486FE /* Debug */ = {
			isa = XCBuildConfiguration;
			buildSettings = {
				ALWAYS_EMBED_SWIFT_STANDARD_LIBRARIES = YES;
				CODE_SIGN_STYLE = Automatic;
				DEVELOPMENT_TEAM = 2LS7B6UW98;
				INFOPLIST_FILE = Tests/Info.plist;
				IPHONEOS_DEPLOYMENT_TARGET = 14.0;
				LD_RUNPATH_SEARCH_PATHS = (
					"$(inherited)",
					"@executable_path/Frameworks",
					"@loader_path/Frameworks",
				);
				PRODUCT_BUNDLE_IDENTIFIER = "com.prof18.Tests-iOS";
				PRODUCT_NAME = "$(TARGET_NAME)";
				SDKROOT = iphoneos;
				SWIFT_VERSION = 5.0;
				TARGETED_DEVICE_FAMILY = "1,2";
				TEST_TARGET_NAME = "iosApp (iOS)";
			};
			name = Debug;
		};
		A9F6752E24F59E2700F486FE /* Release */ = {
			isa = XCBuildConfiguration;
			buildSettings = {
				ALWAYS_EMBED_SWIFT_STANDARD_LIBRARIES = YES;
				CODE_SIGN_STYLE = Automatic;
				DEVELOPMENT_TEAM = 2LS7B6UW98;
				INFOPLIST_FILE = Tests/Info.plist;
				IPHONEOS_DEPLOYMENT_TARGET = 14.0;
				LD_RUNPATH_SEARCH_PATHS = (
					"$(inherited)",
					"@executable_path/Frameworks",
					"@loader_path/Frameworks",
				);
				PRODUCT_BUNDLE_IDENTIFIER = "com.prof18.Tests-iOS";
				PRODUCT_NAME = "$(TARGET_NAME)";
				SDKROOT = iphoneos;
				SWIFT_VERSION = 5.0;
				TARGETED_DEVICE_FAMILY = "1,2";
				TEST_TARGET_NAME = "iosApp (iOS)";
				VALIDATE_PRODUCT = YES;
			};
			name = Release;
		};
/* End XCBuildConfiguration section */

/* Begin XCConfigurationList section */
		A9F674F324F59E2500F486FE /* Build configuration list for PBXProject "MoneyFlow" */ = {
			isa = XCConfigurationList;
			buildConfigurations = (
				A9F6752424F59E2700F486FE /* Debug */,
				A9F6752524F59E2700F486FE /* Release */,
			);
			defaultConfigurationIsVisible = 0;
			defaultConfigurationName = Release;
		};
		A9F6752624F59E2700F486FE /* Build configuration list for PBXNativeTarget "MoneyFlow" */ = {
			isa = XCConfigurationList;
			buildConfigurations = (
				A9F6752724F59E2700F486FE /* Debug */,
				A9F6752824F59E2700F486FE /* Release */,
			);
			defaultConfigurationIsVisible = 0;
			defaultConfigurationName = Release;
		};
		A9F6752C24F59E2700F486FE /* Build configuration list for PBXNativeTarget "Tests" */ = {
			isa = XCConfigurationList;
			buildConfigurations = (
				A9F6752D24F59E2700F486FE /* Debug */,
				A9F6752E24F59E2700F486FE /* Release */,
			);
			defaultConfigurationIsVisible = 0;
			defaultConfigurationName = Release;
		};
/* End XCConfigurationList section */
	};
	rootObject = A9F674F024F59E2500F486FE /* Project object */;
}
